
Microsoft Visual Studio Solution File, Format Version 12.00
# Visual Studio Version 16
VisualStudioVersion = 16.0.30907.101
MinimumVisualStudioVersion = 10.0.40219.1
Project("{FAE04EC0-301F-11D3-BF4B-00C04F79EFBC}") = "calculator-keylogger", "calculator-keylogger\calculator-keylogger.csproj", "{0D674144-0BE6-4D9B-AEC7-551B2819E6E2}"
EndProject
Global
	GlobalSection(SolutionConfigurationPlatforms) = preSolution
		Debug|Any CPU = Debug|Any CPU
		Release|Any CPU = Release|Any CPU
	EndGlobalSection
	GlobalSection(ProjectConfigurationPlatforms) = postSolution
		{0D674144-0BE6-4D9B-AEC7-551B2819E6E2}.Debug|Any CPU.ActiveCfg = Debug|Any CPU
		{0D674144-0BE6-4D9B-AEC7-551B2819E6E2}.Debug|Any CPU.Build.0 = Debug|Any CPU
		{0D674144-0BE6-4D9B-AEC7-551B2819E6E2}.Release|Any CPU.ActiveCfg = Release|Any CPU
		{0D674144-0BE6-4D9B-AEC7-551B2819E6E2}.Release|Any CPU.Build.0 = Release|Any CPU
	EndGlobalSection
	GlobalSection(SolutionProperties) = preSolution
		HideSolutionNode = FALSE
	EndGlobalSection
	GlobalSection(ExtensibilityGlobals) = postSolution
		SolutionGuid = {7B9DDF5C-12D8-4B86-ACA0-DADFF3CF2799}
	EndGlobalSection
EndGlobal
